[[package]]
category = "main"
description = "Lightweight pipelining: using Python functions as pipeline jobs."
name = "joblib"
optional = false
python-versions = "*"
version = "0.14.1"

[[package]]
category = "main"
description = "NumPy is the fundamental package for array computing with Python."
name = "numpy"
optional = false
python-versions = ">=3.5"
version = "1.18.0"

[[package]]
category = "main"
description = "Powerful data structures for data analysis, time series, and statistics"
name = "pandas"
optional = false
python-versions = ">=3.5.3"
version = "0.25.3"

[package.dependencies]
numpy = ">=1.13.3"
python-dateutil = ">=2.6.1"
pytz = ">=2017.2"

[package.extras]
test = ["pytest (>=4.0.2)", "pytest-xdist", "hypothesis (>=3.58)"]

[[package]]
category = "main"
description = "A Python package for describing statistical models and for building design matrices."
name = "patsy"
optional = false
python-versions = "*"
version = "0.5.1"

[package.dependencies]
numpy = ">=1.4"
six = "*"

[[package]]
category = "main"
description = "Extensions to the standard Python datetime module"
name = "python-dateutil"
optional = false
python-versions = "!=3.0.*,!=3.1.*,!=3.2.*,>=2.7"
version = "2.8.1"

[package.dependencies]
six = ">=1.5"

[[package]]
category = "main"
description = "World timezone definitions, modern and historical"
name = "pytz"
optional = false
python-versions = "*"
version = "2019.3"

[[package]]
category = "main"
description = "A set of python modules for machine learning and data mining"
name = "scikit-learn"
optional = false
python-versions = ">=3.5"
version = "0.22.1"

[package.dependencies]
joblib = ">=0.11"
numpy = ">=1.11.0"
scipy = ">=0.17.0"

[package.extras]
alldeps = ["numpy (>=1.11.0)", "scipy (>=0.17.0)"]

[[package]]
category = "main"
description = "SciPy: Scientific Library for Python"
name = "scipy"
optional = false
python-versions = ">=3.5"
version = "1.4.1"

[package.dependencies]
numpy = ">=1.13.3"

[[package]]
category = "main"
description = "Python 2 and 3 compatibility utilities"
name = "six"
optional = false
python-versions = ">=2.6, !=3.0.*, !=3.1.*"
version = "1.13.0"

[[package]]
category = "main"
description = "A set of python modules for machine learning and data mining"
name = "sklearn"
optional = false
python-versions = "*"
version = "0.0"

[package.dependencies]
scikit-learn = "*"

[[package]]
category = "main"
description = "Statistical computations and models for Python"
name = "statsmodels"
optional = false
python-versions = "*"
version = "0.10.2"

[package.dependencies]
numpy = ">=1.11"
pandas = ">=0.19"
patsy = ">=0.4.0"
scipy = ">=0.18"

[package.extras]
build = ["cython (>=0.24)"]
develop = ["cython (>=0.24)"]
docs = ["sphinx", "nbconvert", "jupyter-client", "ipykernel", "matplotlib", "nbformat", "numpydoc", "pandas-datareader"]

[metadata]
content-hash = "c07e5476b6fb35b44fa44c4b8f9954e83c5514f7773b24a692a9dad544937575"
python-versions = '^3.6'

[metadata.files]
joblib = [
    {file = "joblib-0.14.1-py2.py3-none-any.whl", hash = "sha256:bdb4fd9b72915ffb49fde2229ce482dd7ae79d842ed8c2b4c932441495af1403"},
    {file = "joblib-0.14.1.tar.gz", hash = "sha256:0630eea4f5664c463f23fbf5dcfc54a2bc6168902719fa8e19daf033022786c8"},
]
numpy = [
    {file = "numpy-1.18.0-cp35-cp35m-macosx_10_6_intel.whl", hash = "sha256:b091e5d4cbbe79f0e8b6b6b522346e54a282eadb06e3fd761e9b6fafc2ca91ad"},
    {file = "numpy-1.18.0-cp35-cp35m-manylinux1_i686.whl", hash = "sha256:443ab93fc35b31f01db8704681eb2fd82f3a1b2fa08eed2dd0e71f1f57423d4a"},
    {file = "numpy-1.18.0-cp35-cp35m-manylinux1_x86_64.whl", hash = "sha256:88c5ccbc4cadf39f32193a5ef22e3f84674418a9fd877c63322917ae8f295a56"},
    {file = "numpy-1.18.0-cp35-cp35m-win32.whl", hash = "sha256:e1080e37c090534adb2dd7ae1c59ee883e5d8c3e63d2a4d43c20ee348d0459c5"},
    {file = "numpy-1.18.0-cp35-cp35m-win_amd64.whl", hash = "sha256:f084d513de729ff10cd72a1f80db468cff464fedb1ef2fea030221a0f62d7ff4"},
    {file = "numpy-1.18.0-cp36-cp36m-macosx_10_9_x86_64.whl", hash = "sha256:1baefd1fb4695e7f2e305467dbd876d765e6edd30c522894df76f8301efaee36"},
    {file = "numpy-1.18.0-cp36-cp36m-manylinux1_i686.whl", hash = "sha256:cc070fc43a494e42732d6ae2f6621db040611c1dde64762a40c8418023af56d7"},
    {file = "numpy-1.18.0-cp36-cp36m-manylinux1_x86_64.whl", hash = "sha256:6f8113c8dbfc192b58996ee77333696469ea121d1c44ea429d8fd266e4c6be51"},
    {file = "numpy-1.18.0-cp36-cp36m-win32.whl", hash = "sha256:a30f5c3e1b1b5d16ec1f03f4df28e08b8a7529d8c920bbed657f4fde61f1fbcd"},
    {file = "numpy-1.18.0-cp36-cp36m-win_amd64.whl", hash = "sha256:3c68c827689ca0ca713dba598335073ce0966850ec0b30715527dce4ecd84055"},
    {file = "numpy-1.18.0-cp37-cp37m-macosx_10_9_x86_64.whl", hash = "sha256:f6a7421da632fc01e8a3ecd19c3f7350258d82501a646747664bae9c6a87c731"},
    {file = "numpy-1.18.0-cp37-cp37m-manylinux1_i686.whl", hash = "sha256:905cd6fa6ac14654a6a32b21fad34670e97881d832e24a3ca32e19b455edb4a8"},
    {file = "numpy-1.18.0-cp37-cp37m-manylinux1_x86_64.whl", hash = "sha256:854f6ed4fa91fa6da5d764558804ba5b0f43a51e5fe9fc4fdc93270b052f188a"},
    {file = "numpy-1.18.0-cp37-cp37m-win32.whl", hash = "sha256:ac3cf835c334fcc6b74dc4e630f9b5ff7b4c43f7fb2a7813208d95d4e10b5623"},
    {file = "numpy-1.18.0-cp37-cp37m-win_amd64.whl", hash = "sha256:62506e9e4d2a39c87984f081a2651d4282a1d706b1a82fe9d50a559bb58e705a"},
    {file = "numpy-1.18.0-cp38-cp38-macosx_10_9_x86_64.whl", hash = "sha256:9d6de2ad782aae68f7ed0e0e616477fbf693d6d7cc5f0f1505833ff12f84a673"},
    {file = "numpy-1.18.0-cp38-cp38-manylinux1_i686.whl", hash = "sha256:1c35fb1131362e6090d30286cfda52ddd42e69d3e2bf1fea190a0fad83ea3a18"},
    {file = "numpy-1.18.0-cp38-cp38-manylinux1_x86_64.whl", hash = "sha256:56710a756c5009af9f35b91a22790701420406d9ac24cf6b652b0e22cfbbb7ff"},
    {file = "numpy-1.18.0-cp38-cp38-win32.whl", hash = "sha256:03bbde29ac8fba860bb2c53a1525b3604a9b60417855ac3119d89868ec6041c3"},
    {file = "numpy-1.18.0-cp38-cp38-win_amd64.whl", hash = "sha256:712f0c32555132f4b641b918bdb1fd3c692909ae916a233ce7f50eac2de87e37"},
    {file = "numpy-1.18.0.zip", hash = "sha256:a9d72d9abaf65628f0f31bbb573b7d9304e43b1e6bbae43149c17737a42764c4"},
]
pandas = [
    {file = "pandas-0.25.3-cp35-cp35m-macosx_10_6_intel.whl", hash = "sha256:df8864824b1fe488cf778c3650ee59c3a0d8f42e53707de167ba6b4f7d35f133"},
    {file = "pandas-0.25.3-cp35-cp35m-manylinux1_i686.whl", hash = "sha256:7458c48e3d15b8aaa7d575be60e1e4dd70348efcd9376656b72fecd55c59a4c3"},
    {file = "pandas-0.25.3-cp35-cp35m-manylinux1_x86_64.whl", hash = "sha256:61741f5aeb252f39c3031d11405305b6d10ce663c53bc3112705d7ad66c013d0"},
    {file = "pandas-0.25.3-cp35-cp35m-win32.whl", hash = "sha256:adc3d3a3f9e59a38d923e90e20c4922fc62d1e5a03d083440468c6d8f3f1ae0a"},
    {file = "pandas-0.25.3-cp35-cp35m-win_amd64.whl", hash = "sha256:975c461accd14e89d71772e89108a050fa824c0b87a67d34cedf245f6681fc17"},
    {file = "pandas-0.25.3-cp36-cp36m-macosx_10_9_x86_64.whl", hash = "sha256:ee50c2142cdcf41995655d499a157d0a812fce55c97d9aad13bc1eef837ed36c"},
    {file = "pandas-0.25.3-cp36-cp36m-manylinux1_i686.whl", hash = "sha256:4545467a637e0e1393f7d05d61dace89689ad6d6f66f267f86fff737b702cce9"},
    {file = "pandas-0.25.3-cp36-cp36m-manylinux1_x86_64.whl", hash = "sha256:bbe3eb765a0b1e578833d243e2814b60c825b7fdbf4cdfe8e8aae8a08ed56ecf"},
    {file = "pandas-0.25.3-cp36-cp36m-win32.whl", hash = "sha256:8153705d6545fd9eb6dd2bc79301bff08825d2e2f716d5dced48daafc2d0b81f"},
    {file = "pandas-0.25.3-cp36-cp36m-win_amd64.whl", hash = "sha256:26382aab9c119735908d94d2c5c08020a4a0a82969b7e5eefb92f902b3b30ad7"},
    {file = "pandas-0.25.3-cp37-cp37m-macosx_10_9_x86_64.whl", hash = "sha256:00dff3a8e337f5ed7ad295d98a31821d3d0fe7792da82d78d7fd79b89c03ea9d"},
    {file = "pandas-0.25.3-cp37-cp37m-manylinux1_x86_64.whl", hash = "sha256:e45055c30a608076e31a9fcd780a956ed3b1fa20db61561b8d88b79259f526f7"},
    {file = "pandas-0.25.3-cp37-cp37m-win32.whl", hash = "sha256:255920e63850dc512ce356233081098554d641ba99c3767dde9e9f35630f994b"},
    {file = "pandas-0.25.3-cp37-cp37m-win_amd64.whl", hash = "sha256:22361b1597c8c2ffd697aa9bf85423afa9e1fcfa6b1ea821054a244d5f24d75e"},
    {file = "pandas-0.25.3-cp38-cp38-macosx_10_9_x86_64.whl", hash = "sha256:9962957a27bfb70ab64103d0a7b42fa59c642fb4ed4cb75d0227b7bb9228535d"},
    {file = "pandas-0.25.3-cp38-cp38-manylinux1_x86_64.whl", hash = "sha256:78bf638993219311377ce9836b3dc05f627a666d0dbc8cec37c0ff3c9ada673b"},
    {file = "pandas-0.25.3-cp38-cp38-win32.whl", hash = "sha256:6a3ac2c87e4e32a969921d1428525f09462770c349147aa8e9ab95f88c71ec71"},
    {file = "pandas-0.25.3-cp38-cp38-win_amd64.whl", hash = "sha256:33970f4cacdd9a0ddb8f21e151bfb9f178afb7c36eb7c25b9094c02876f385c2"},
    {file = "pandas-0.25.3.tar.gz", hash = "sha256:52da74df8a9c9a103af0a72c9d5fdc8e0183a90884278db7f386b5692a2220a4"},
]
patsy = [
    {file = "patsy-0.5.1-py2.py3-none-any.whl", hash = "sha256:5465be1c0e670c3a965355ec09e9a502bf2c4cbe4875e8528b0221190a8a5d40"},
    {file = "patsy-0.5.1.tar.gz", hash = "sha256:f115cec4201e1465cd58b9866b0b0e7b941caafec129869057405bfe5b5e3991"},
]
python-dateutil = [
    {file = "python-dateutil-2.8.1.tar.gz", hash = "sha256:73ebfe9dbf22e832286dafa60473e4cd239f8592f699aa5adaf10050e6e1823c"},
    {file = "python_dateutil-2.8.1-py2.py3-none-any.whl", hash = "sha256:75bb3f31ea686f1197762692a9ee6a7550b59fc6ca3a1f4b5d7e32fb98e2da2a"},
]
pytz = [
    {file = "pytz-2019.3-py2.py3-none-any.whl", hash = "sha256:1c557d7d0e871de1f5ccd5833f60fb2550652da6be2693c1e02300743d21500d"},
    {file = "pytz-2019.3.tar.gz", hash = "sha256:b02c06db6cf09c12dd25137e563b31700d3b80fcc4ad23abb7a315f2789819be"},
]
scikit-learn = [
    {file = "scikit-learn-0.22.1.tar.gz", hash = "sha256:51ee25330fc244107588545c70e2f3570cfc4017cff09eed69d6e1d82a212b7d"},
    {file = "scikit_learn-0.22.1-cp35-cp35m-macosx_10_6_intel.whl", hash = "sha256:6fad30299ef3dd103871ad1235b445fd5d2df47c424746eaf3c50fbc99c49cef"},
    {file = "scikit_learn-0.22.1-cp35-cp35m-manylinux1_i686.whl", hash = "sha256:28033cb7b50b8a6c3762cddd41dc7e5449347dedfa353409a576082e76309d09"},
    {file = "scikit_learn-0.22.1-cp35-cp35m-manylinux1_x86_64.whl", hash = "sha256:d92b81615854504c27063e0970aed37e644eea5991444558c8aca8fadc1483b3"},
    {file = "scikit_learn-0.22.1-cp35-cp35m-win32.whl", hash = "sha256:13b9ac18d48c051dfea32783067f2e45552e45852b88f3bccdb5c72fa56df3fe"},
    {file = "scikit_learn-0.22.1-cp35-cp35m-win_amd64.whl", hash = "sha256:956a68772df02342af129e8bbe858b3053745c36beb6351a13641e3b56e0df23"},
    {file = "scikit_learn-0.22.1-cp36-cp36m-macosx_10_6_intel.whl", hash = "sha256:f18ae2abc09cb94a171840829a8132dda7267c941eb431387a6014f943946825"},
    {file = "scikit_learn-0.22.1-cp36-cp36m-manylinux1_i686.whl", hash = "sha256:ebdf03b6e7f784e360ab26cf400cd2125d650c0903ef11086c0a3f2b4b07e603"},
    {file = "scikit_learn-0.22.1-cp36-cp36m-manylinux1_x86_64.whl", hash = "sha256:80eec2f54cc7f51c5abb743f09506e009ba2b95bf6fb0e554aa0d8959b680003"},
    {file = "scikit_learn-0.22.1-cp36-cp36m-win32.whl", hash = "sha256:93001af23b0f1e68d93447f9d56bad631d4fc28eafd78b09469fb55aeff715b1"},
    {file = "scikit_learn-0.22.1-cp36-cp36m-win_amd64.whl", hash = "sha256:671874343a0b33bc0dbcae4af0b9a77c55b8132b33887fbfe086681c3f010840"},
    {file = "scikit_learn-0.22.1-cp37-cp37m-macosx_10_6_intel.whl", hash = "sha256:7f1cdfd3c5e9d0951e273f49bb25bd9886537ab77e2273502b8676c3105828ae"},
    {file = "scikit_learn-0.22.1-cp37-cp37m-manylinux1_i686.whl", hash = "sha256:1e0cb60dae75da9e72d38569d18bbad5008777defd23585035a1314a01af966c"},
    {file = "scikit_learn-0.22.1-cp37-cp37m-manylinux1_x86_64.whl", hash = "sha256:96e1365ba285903e493b1e9505b533171c852f7069d038dcc3395ece952fdc78"},
    {file = "scikit_learn-0.22.1-cp37-cp37m-win32.whl", hash = "sha256:06c9816249b9664ef1b04ad6a5d4dfe0c4017c584858c4e658861c2ac5eb4f31"},
    {file = "scikit_learn-0.22.1-cp37-cp37m-win_amd64.whl", hash = "sha256:d92ed650c32db013f66bba63af4922bd7a9b8c5802d4ee292332e504e567bd4a"},
    {file = "scikit_learn-0.22.1-cp38-cp38-macosx_10_9_x86_64.whl", hash = "sha256:571476fbb826c87ad300a5aad0238c14a590ab7df5cb823ee19ac077bf13b5f4"},
    {file = "scikit_learn-0.22.1-cp38-cp38-manylinux1_i686.whl", hash = "sha256:2d35ece66767dd197d020940b1dab3be92ddbb1c96aaef0936d9c4369d544d69"},
    {file = "scikit_learn-0.22.1-cp38-cp38-manylinux1_x86_64.whl", hash = "sha256:bacc63185520d9eb295d79fa62c388fd7145783920a1fb113451a0b294994cad"},
    {file = "scikit_learn-0.22.1-cp38-cp38-win32.whl", hash = "sha256:5e0b5bebfd8bd8ab89b58c44acb95ddcc9439b23c875ed597842991cafc18b62"},
    {file = "scikit_learn-0.22.1-cp38-cp38-win_amd64.whl", hash = "sha256:12ec6b2821a0b4d1b7cbe0e5d6387e64e25e6ec8cfef058b276a14509c3a537b"},
]
scipy = [
    {file = "scipy-1.4.1-cp35-cp35m-macosx_10_6_intel.whl", hash = "sha256:c5cac0c0387272ee0e789e94a570ac51deb01c796b37fb2aad1fb13f85e2f97d"},
    {file = "scipy-1.4.1-cp35-cp35m-manylinux1_i686.whl", hash = "sha256:a144811318853a23d32a07bc7fd5561ff0cac5da643d96ed94a4ffe967d89672"},
    {file = "scipy-1.4.1-cp35-cp35m-manylinux1_x86_64.whl", hash = "sha256:71eb180f22c49066f25d6df16f8709f215723317cc951d99e54dc88020ea57be"},
    {file = "scipy-1.4.1-cp35-cp35m-win32.whl", hash = "sha256:770254a280d741dd3436919d47e35712fb081a6ff8bafc0f319382b954b77802"},
    {file = "scipy-1.4.1-cp35-cp35m-win_amd64.whl", hash = "sha256:a1aae70d52d0b074d8121333bc807a485f9f1e6a69742010b33780df2e60cfe0"},
    {file = "scipy-1.4.1-cp36-cp36m-macosx_10_6_intel.whl", hash = "sha256:bb517872058a1f087c4528e7429b4a44533a902644987e7b2fe35ecc223bc408"},
    {file = "scipy-1.4.1-cp36-cp36m-manylinux1_i686.whl", hash = "sha256:dba8306f6da99e37ea08c08fef6e274b5bf8567bb094d1dbe86a20e532aca088"},
    {file = "scipy-1.4.1-cp36-cp36m-manylinux1_x86_64.whl", hash = "sha256:386086e2972ed2db17cebf88610aab7d7f6e2c0ca30042dc9a89cf18dcc363fa"},
    {file = "scipy-1.4.1-cp36-cp36m-win32.whl", hash = "sha256:8d3bc3993b8e4be7eade6dcc6fd59a412d96d3a33fa42b0fa45dc9e24495ede9"},
    {file = "scipy-1.4.1-cp36-cp36m-win_amd64.whl", hash = "sha256:dc60bb302f48acf6da8ca4444cfa17d52c63c5415302a9ee77b3b21618090521"},
    {file = "scipy-1.4.1-cp37-cp37m-macosx_10_6_intel.whl", hash = "sha256:787cc50cab3020a865640aba3485e9fbd161d4d3b0d03a967df1a2881320512d"},
    {file = "scipy-1.4.1-cp37-cp37m-manylinux1_i686.whl", hash = "sha256:0902a620a381f101e184a958459b36d3ee50f5effd186db76e131cbefcbb96f7"},
    {file = "scipy-1.4.1-cp37-cp37m-manylinux1_x86_64.whl", hash = "sha256:00af72998a46c25bdb5824d2b729e7dabec0c765f9deb0b504f928591f5ff9d4"},
    {file = "scipy-1.4.1-cp37-cp37m-win32.whl", hash = "sha256:9508a7c628a165c2c835f2497837bf6ac80eb25291055f56c129df3c943cbaf8"},
    {file = "scipy-1.4.1-cp37-cp37m-win_amd64.whl", hash = "sha256:a2d6df9eb074af7f08866598e4ef068a2b310d98f87dc23bd1b90ec7bdcec802"},
    {file = "scipy-1.4.1-cp38-cp38-macosx_10_9_x86_64.whl", hash = "sha256:3092857f36b690a321a662fe5496cb816a7f4eecd875e1d36793d92d3f884073"},
    {file = "scipy-1.4.1-cp38-cp38-manylinux1_i686.whl", hash = "sha256:8a07760d5c7f3a92e440ad3aedcc98891e915ce857664282ae3c0220f3301eb6"},
    {file = "scipy-1.4.1-cp38-cp38-manylinux1_x86_64.whl", hash = "sha256:1e3190466d669d658233e8a583b854f6386dd62d655539b77b3fa25bfb2abb70"},
    {file = "scipy-1.4.1-cp38-cp38-win32.whl", hash = "sha256:cc971a82ea1170e677443108703a2ec9ff0f70752258d0e9f5433d00dda01f59"},
    {file = "scipy-1.4.1-cp38-cp38-win_amd64.whl", hash = "sha256:2cce3f9847a1a51019e8c5b47620da93950e58ebc611f13e0d11f4980ca5fecb"},
    {file = "scipy-1.4.1.tar.gz", hash = "sha256:dee1bbf3a6c8f73b6b218cb28eed8dd13347ea2f87d572ce19b289d6fd3fbc59"},
]
six = [
    {file = "six-1.13.0-py2.py3-none-any.whl", hash = "sha256:1f1b7d42e254082a9db6279deae68afb421ceba6158efa6131de7b3003ee93fd"},
    {file = "six-1.13.0.tar.gz", hash = "sha256:30f610279e8b2578cab6db20741130331735c781b56053c59c4076da27f06b66"},
]
sklearn = [
    {file = "sklearn-0.0.tar.gz", hash = "sha256:e23001573aa194b834122d2b9562459bf5ae494a2d59ca6b8aa22c85a44c0e31"},
]
statsmodels = [
    {file = "statsmodels-0.10.2-cp27-cp27m-macosx_10_6_intel.whl", hash = "sha256:e67e244ae4ca988b40783db7e1bac0de5b7f9f91062cdc0c93e219b189700388"},
    {file = "statsmodels-0.10.2-cp27-cp27mu-manylinux1_i686.whl", hash = "sha256:65f08024ef9a0bd40b63c455d02da34394658c53c16e3494dd6171e86e639f9b"},
    {file = "statsmodels-0.10.2-cp27-cp27mu-manylinux1_x86_64.whl", hash = "sha256:9c9de647fa3ed058635e6a1b1bb2d3d2396f103cb1dcd00d5e70c36d8137639d"},
    {file = "statsmodels-0.10.2-cp27-none-win32.whl", hash = "sha256:6cb8395c820eda886721ec2e0db41ffebb2c5a090b27ef9bf51f64e9ab1486af"},
    {file = "statsmodels-0.10.2-cp27-none-win_amd64.whl", hash = "sha256:a7e6d67d986ef9776b80d30fba4dca1db534986ee2023bab121d70bd78d06c49"},
    {file = "statsmodels-0.10.2-cp35-cp35m-macosx_10_6_intel.whl", hash = "sha256:4d1c4b4ecdff539c7fea788f919ed25f25fdc50189a5c0b1a1a966bf04f3a2b8"},
    {file = "statsmodels-0.10.2-cp35-cp35m-manylinux1_i686.whl", hash = "sha256:75d8e36693d3e7459df9d4e5e4761b0277dd1c9d028a60ef6876e8299f8b9cd7"},
    {file = "statsmodels-0.10.2-cp35-cp35m-manylinux1_x86_64.whl", hash = "sha256:7db46146a5e773c9905d914735fabc1e7b3b1027adc98e42060ad8e61460e647"},
    {file = "statsmodels-0.10.2-cp35-none-win32.whl", hash = "sha256:938dcf95b37fdd6404e0c1f2035b51de0cfd63a63faa9048751176ea55cb4ce9"},
    {file = "statsmodels-0.10.2-cp35-none-win_amd64.whl", hash = "sha256:be0436f7ea14c277f30e3175dd463d2a26226d8fd360d06bb1c7cd1d9bbedafc"},
    {file = "statsmodels-0.10.2-cp36-cp36m-macosx_10_6_intel.whl", hash = "sha256:ede6c56ae5d67bf068c4486f970f24b10b952d85dab0b44e7761749159a90d7f"},
    {file = "statsmodels-0.10.2-cp36-cp36m-manylinux1_i686.whl", hash = "sha256:81c1a0a9dcc46713f47a5b69b1e7d74041ed85f774009302deedad11786beee0"},
    {file = "statsmodels-0.10.2-cp36-cp36m-manylinux1_x86_64.whl", hash = "sha256:8954e9f1659e99a6684167432d36e25bf4e739bb3ae99709a021490f11992fed"},
    {file = "statsmodels-0.10.2-cp36-none-win32.whl", hash = "sha256:f797eada017668ca4c8c50664ff44437c461dc20233da0e12ff81327a13877fd"},
    {file = "statsmodels-0.10.2-cp36-none-win_amd64.whl", hash = "sha256:eb0589fae351e123d8dbf0a8fbfd9e9cc033622b0e9f6e81684aa692be48688d"},
    {file = "statsmodels-0.10.2-cp37-cp37m-macosx_10_6_intel.whl", hash = "sha256:c84625b8746ee7e613752334bfb9ff60dffb91d22f19b7f08b8c387776dc42c1"},
    {file = "statsmodels-0.10.2-cp37-cp37m-manylinux1_x86_64.whl", hash = "sha256:172d947a1a8542eefe7155f73ead951f6748782846e8e97e73b8ebf6483d5820"},
    {file = "statsmodels-0.10.2-cp37-none-win32.whl", hash = "sha256:a8848b368838a62d06c9f0995bdc6f5e82e09f55440bd85c2c13c58777813ebc"},
    {file = "statsmodels-0.10.2-cp37-none-win_amd64.whl", hash = "sha256:1d61edd4b73f1f4ef983007cd0d797e6cafd9e7de0125584761d93f79675cdd2"},
    {file = "statsmodels-0.10.2-cp38-cp38-macosx_10_9_x86_64.whl", hash = "sha256:3b22ed234b80cd9d38988fba487da89cae484a4c2b9088b3e7783c0a937a4568"},
    {file = "statsmodels-0.10.2-cp38-cp38-manylinux1_x86_64.whl", hash = "sha256:e3d36ff3653b50554d9ad2c95556224d1882a5db328eea8a9aa32a0eb08e4e80"},
    {file = "statsmodels-0.10.2.tar.gz", hash = "sha256:9cd2194c6642a8754e85f9a6e6912cdf996bebf6ff715d3cc67f65dadfd37cc9"},
]
